// !$*UTF8*$!
{
	archiveVersion = 1;
	classes = {
	};
	objectVersion = 46;
	objects = {

/* Begin PBXBuildFile section */
		1EA4F634196F2C20001BD53C /* Foundation.framework in Frameworks */ = {isa = PBXBuildFile; fileRef = 1EA4F633196F2C20001BD53C /* Foundation.framework */; };
		1EA4F636196F2C20001BD53C /* CoreGraphics.framework in Frameworks */ = {isa = PBXBuildFile; fileRef = 1EA4F635196F2C20001BD53C /* CoreGraphics.framework */; };
		1EA4F638196F2C20001BD53C /* UIKit.framework in Frameworks */ = {isa = PBXBuildFile; fileRef = 1EA4F637196F2C20001BD53C /* UIKit.framework */; };
		1EA4F63E196F2C20001BD53C /* InfoPlist.strings in Resources */ = {isa = PBXBuildFile; fileRef = 1EA4F63C196F2C20001BD53C /* InfoPlist.strings */; };
		1EA4F640196F2C20001BD53C /* main.m in Sources */ = {isa = PBXBuildFile; fileRef = 1EA4F63F196F2C20001BD53C /* main.m */; };
		1EA4F644196F2C20001BD53C /* AppDelegate.m in Sources */ = {isa = PBXBuildFile; fileRef = 1EA4F643196F2C20001BD53C /* AppDelegate.m */; };
		1EA4F647196F2C20001BD53C /* Main.storyboard in Resources */ = {isa = PBXBuildFile; fileRef = 1EA4F645196F2C20001BD53C /* Main.storyboard */; };
		1EA4F64A196F2C20001BD53C /* ViewController.m in Sources */ = {isa = PBXBuildFile; fileRef = 1EA4F649196F2C20001BD53C /* ViewController.m */; };
		1EA4F64C196F2C20001BD53C /* Images.xcassets in Resources */ = {isa = PBXBuildFile; fileRef = 1EA4F64B196F2C20001BD53C /* Images.xcassets */; };
		1EA4F653196F2C20001BD53C /* XCTest.framework in Frameworks */ = {isa = PBXBuildFile; fileRef = 1EA4F652196F2C20001BD53C /* XCTest.framework */; };
		1EA4F654196F2C20001BD53C /* Foundation.framework in Frameworks */ = {isa = PBXBuildFile; fileRef = 1EA4F633196F2C20001BD53C /* Foundation.framework */; };
		1EA4F655196F2C20001BD53C /* UIKit.framework in Frameworks */ = {isa = PBXBuildFile; fileRef = 1EA4F637196F2C20001BD53C /* UIKit.framework */; };
		1EA4F65D196F2C20001BD53C /* InfoPlist.strings in Resources */ = {isa = PBXBuildFile; fileRef = 1EA4F65B196F2C20001BD53C /* InfoPlist.strings */; };
		1EA4F65F196F2C20001BD53C /* GoogleImageSearchTests.m in Sources */ = {isa = PBXBuildFile; fileRef = 1EA4F65E196F2C20001BD53C /* GoogleImageSearchTests.m */; };
/* End PBXBuildFile section */

/* Begin PBXContainerItemProxy section */
		1EA4F656196F2C20001BD53C /* PBXContainerItemProxy */ = {
			isa = PBXContainerItemProxy;
			containerPortal = 1EA4F628196F2C20001BD53C /* Project object */;
			proxyType = 1;
			remoteGlobalIDString = 1EA4F62F196F2C20001BD53C;
			remoteInfo = GoogleImageSearch;
		};
/* End PBXContainerItemProxy section */

/* Begin PBXFileReference section */
		1EA4F630196F2C20001BD53C /* GoogleImageSearch.app */ = {isa = PBXFileReference; explicitFileType = wrapper.application; includeInIndex = 0; path = GoogleImageSearch.app; sourceTree = BUILT_PRODUCTS_DIR; };
		1EA4F633196F2C20001BD53C /* Foundation.framework */ = {isa = PBXFileReference; lastKnownFileType = wrapper.framework; name = Foundation.framework; path = System/Library/Frameworks/Foundation.framework; sourceTree = SDKROOT; };
		1EA4F635196F2C20001BD53C /* CoreGraphics.framework */ = {isa = PBXFileReference; lastKnownFileType = wrapper.framework; name = CoreGraphics.framework; path = System/Library/Frameworks/CoreGraphics.framework; sourceTree = SDKROOT; };
		1EA4F637196F2C20001BD53C /* UIKit.framework */ = {isa = PBXFileReference; lastKnownFileType = wrapper.framework; name = UIKit.framework; path = System/Library/Frameworks/UIKit.framework; sourceTree = SDKROOT; };
		1EA4F63B196F2C20001BD53C /* GoogleImageSearch-Info.plist */ = {isa = PBXFileReference; lastKnownFileType = text.plist.xml; path = "GoogleImageSearch-Info.plist"; sourceTree = "<group>"; };
		1EA4F63D196F2C20001BD53C /* en */ = {isa = PBXFileReference; lastKnownFileType = text.plist.strings; name = en; path = en.lproj/InfoPlist.strings; sourceTree = "<group>"; };
		1EA4F63F196F2C20001BD53C /* main.m */ = {isa = PBXFileReference; lastKnownFileType = sourcecode.c.objc; path = main.m; sourceTree = "<group>"; };
		1EA4F641196F2C20001BD53C /* GoogleImageSearch-Prefix.pch */ = {isa = PBXFileReference; lastKnownFileType = sourcecode.c.h; path = "GoogleImageSearch-Prefix.pch"; sourceTree = "<group>"; };
		1EA4F642196F2C20001BD53C /* AppDelegate.h */ = {isa = PBXFileReference; lastKnownFileType = sourcecode.c.h; path = AppDelegate.h; sourceTree = "<group>"; };
		1EA4F643196F2C20001BD53C /* AppDelegate.m */ = {isa = PBXFileReference; lastKnownFileType = sourcecode.c.objc; path = AppDelegate.m; sourceTree = "<group>"; };
		1EA4F646196F2C20001BD53C /* Base */ = {isa = PBXFileReference; lastKnownFileType = file.storyboard; name = Base; path = Base.lproj/Main.storyboard; sourceTree = "<group>"; };
		1EA4F648196F2C20001BD53C /* ViewController.h */ = {isa = PBXFileReference; lastKnownFileType = sourcecode.c.h; path = ViewController.h; sourceTree = "<group>"; };
		1EA4F649196F2C20001BD53C /* ViewController.m */ = {isa = PBXFileReference; lastKnownFileType = sourcecode.c.objc; path = ViewController.m; sourceTree = "<group>"; };
		1EA4F64B196F2C20001BD53C /* Images.xcassets */ = {isa = PBXFileReference; lastKnownFileType = folder.assetcatalog; path = Images.xcassets; sourceTree = "<group>"; };
		1EA4F651196F2C20001BD53C /* GoogleImageSearchTests.xctest */ = {isa = PBXFileReference; explicitFileType = wrapper.cfbundle; includeInIndex = 0; path = GoogleImageSearchTests.xctest; sourceTree = BUILT_PRODUCTS_DIR; };
		1EA4F652196F2C20001BD53C /* XCTest.framework */ = {isa = PBXFileReference; lastKnownFileType = wrapper.framework; name = XCTest.framework; path = Library/Frameworks/XCTest.framework; sourceTree = DEVELOPER_DIR; };
		1EA4F65A196F2C20001BD53C /* GoogleImageSearchTests-Info.plist */ = {isa = PBXFileReference; lastKnownFileType = text.plist.xml; path = "GoogleImageSearchTests-Info.plist"; sourceTree = "<group>"; };
		1EA4F65C196F2C20001BD53C /* en */ = {isa = PBXFileReference; lastKnownFileType = text.plist.strings; name = en; path = en.lproj/InfoPlist.strings; sourceTree = "<group>"; };
		1EA4F65E196F2C20001BD53C /* GoogleImageSearchTests.m */ = {isa = PBXFileReference; lastKnownFileType = sourcecode.c.objc; path = GoogleImageSearchTests.m; sourceTree = "<group>"; };
/* End PBXFileReference section */

/* Begin PBXFrameworksBuildPhase section */
		1EA4F62D196F2C20001BD53C /* Frameworks */ = {
			isa = PBXFrameworksBuildPhase;
			buildActionMask = 2147483647;
			files = (
				1EA4F636196F2C20001BD53C /* CoreGraphics.framework in Frameworks */,
				1EA4F638196F2C20001BD53C /* UIKit.framework in Frameworks */,
				1EA4F634196F2C20001BD53C /* Foundation.framework in Frameworks */,
			);
			runOnlyForDeploymentPostprocessing = 0;
		};
		1EA4F64E196F2C20001BD53C /* Frameworks */ = {
			isa = PBXFrameworksBuildPhase;
			buildActionMask = 2147483647;
			files = (
				1EA4F653196F2C20001BD53C /* XCTest.framework in Frameworks */,
				1EA4F655196F2C20001BD53C /* UIKit.framework in Frameworks */,
				1EA4F654196F2C20001BD53C /* Foundation.framework in Frameworks */,
			);
			runOnlyForDeploymentPostprocessing = 0;
		};
/* End PBXFrameworksBuildPhase section */

/* Begin PBXGroup section */
		1EA4F627196F2C20001BD53C = {
			isa = PBXGroup;
			children = (
				1EA4F639196F2C20001BD53C /* GoogleImageSearch */,
				1EA4F658196F2C20001BD53C /* GoogleImageSearchTests */,
				1EA4F632196F2C20001BD53C /* Frameworks */,
				1EA4F631196F2C20001BD53C /* Products */,
			);
			sourceTree = "<group>";
		};
		1EA4F631196F2C20001BD53C /* Products */ = {
			isa = PBXGroup;
			children = (
				1EA4F630196F2C20001BD53C /* GoogleImageSearch.app */,
				1EA4F651196F2C20001BD53C /* GoogleImageSearchTests.xctest */,
			);
			name = Products;
			sourceTree = "<group>";
		};
		1EA4F632196F2C20001BD53C /* Frameworks */ = {
			isa = PBXGroup;
			children = (
				1EA4F633196F2C20001BD53C /* Foundation.framework */,
				1EA4F635196F2C20001BD53C /* CoreGraphics.framework */,
				1EA4F637196F2C20001BD53C /* UIKit.framework */,
				1EA4F652196F2C20001BD53C /* XCTest.framework */,
			);
			name = Frameworks;
			sourceTree = "<group>";
		};
		1EA4F639196F2C20001BD53C /* GoogleImageSearch */ = {
			isa = PBXGroup;
			children = (
				1EA4F642196F2C20001BD53C /* AppDelegate.h */,
				1EA4F643196F2C20001BD53C /* AppDelegate.m */,
				1EA4F645196F2C20001BD53C /* Main.storyboard */,
				1EA4F648196F2C20001BD53C /* ViewController.h */,
				1EA4F649196F2C20001BD53C /* ViewController.m */,
				1EA4F64B196F2C20001BD53C /* Images.xcassets */,
				1EA4F63A196F2C20001BD53C /* Supporting Files */,
			);
			path = GoogleImageSearch;
			sourceTree = "<group>";
		};
		1EA4F63A196F2C20001BD53C /* Supporting Files */ = {
			isa = PBXGroup;
			children = (
				1EA4F63B196F2C20001BD53C /* GoogleImageSearch-Info.plist */,
				1EA4F63C196F2C20001BD53C /* InfoPlist.strings */,
				1EA4F63F196F2C20001BD53C /* main.m */,
				1EA4F641196F2C20001BD53C /* GoogleImageSearch-Prefix.pch */,
			);
			name = "Supporting Files";
			sourceTree = "<group>";
		};
		1EA4F658196F2C20001BD53C /* GoogleImageSearchTests */ = {
			isa = PBXGroup;
			children = (
				1EA4F65E196F2C20001BD53C /* GoogleImageSearchTests.m */,
				1EA4F659196F2C20001BD53C /* Supporting Files */,
			);
			path = GoogleImageSearchTests;
			sourceTree = "<group>";
		};
		1EA4F659196F2C20001BD53C /* Supporting Files */ = {
			isa = PBXGroup;
			children = (
				1EA4F65A196F2C20001BD53C /* GoogleImageSearchTests-Info.plist */,
				1EA4F65B196F2C20001BD53C /* InfoPlist.strings */,
			);
			name = "Supporting Files";
			sourceTree = "<group>";
		};
/* End PBXGroup section */

/* Begin PBXNativeTarget section */
		1EA4F62F196F2C20001BD53C /* GoogleImageSearch */ = {
			isa = PBXNativeTarget;
			buildConfigurationList = 1EA4F662196F2C20001BD53C /* Build configuration list for PBXNativeTarget "GoogleImageSearch" */;
			buildPhases = (
				1EA4F62C196F2C20001BD53C /* Sources */,
				1EA4F62D196F2C20001BD53C /* Frameworks */,
				1EA4F62E196F2C20001BD53C /* Resources */,
			);
			buildRules = (
			);
			dependencies = (
			);
			name = GoogleImageSearch;
			productName = GoogleImageSearch;
			productReference = 1EA4F630196F2C20001BD53C /* GoogleImageSearch.app */;
			productType = "com.apple.product-type.application";
		};
		1EA4F650196F2C20001BD53C /* GoogleImageSearchTests */ = {
			isa = PBXNativeTarget;
			buildConfigurationList = 1EA4F665196F2C20001BD53C /* Build configuration list for PBXNativeTarget "GoogleImageSearchTests" */;
			buildPhases = (
				1EA4F64D196F2C20001BD53C /* Sources */,
				1EA4F64E196F2C20001BD53C /* Frameworks */,
				1EA4F64F196F2C20001BD53C /* Resources */,
			);
			buildRules = (
			);
			dependencies = (
				1EA4F657196F2C20001BD53C /* PBXTargetDependency */,
			);
			name = GoogleImageSearchTests;
			productName = GoogleImageSearchTests;
			productReference = 1EA4F651196F2C20001BD53C /* GoogleImageSearchTests.xctest */;
			productType = "com.apple.product-type.bundle.unit-test";
		};
/* End PBXNativeTarget section */

/* Begin PBXProject section */
		1EA4F628196F2C20001BD53C /* Project object */ = {
			isa = PBXProject;
			attributes = {
				LastUpgradeCheck = 0510;
				ORGANIZATIONNAME = ROOPESH;
				TargetAttributes = {
					1EA4F650196F2C20001BD53C = {
						TestTargetID = 1EA4F62F196F2C20001BD53C;
					};
				};
			};
			buildConfigurationList = 1EA4F62B196F2C20001BD53C /* Build configuration list for PBXProject "GoogleImageSearch" */;
			compatibilityVersion = "Xcode 3.2";
			developmentRegion = English;
			hasScannedForEncodings = 0;
			knownRegions = (
				en,
				Base,
			);
			mainGroup = 1EA4F627196F2C20001BD53C;
			productRefGroup = 1EA4F631196F2C20001BD53C /* Products */;
			projectDirPath = "";
			projectRoot = "";
			targets = (
				1EA4F62F196F2C20001BD53C /* GoogleImageSearch */,
				1EA4F650196F2C20001BD53C /* GoogleImageSearchTests */,
			);
		};
/* End PBXProject section */

/* Begin PBXResourcesBuildPhase section */
		1EA4F62E196F2C20001BD53C /* Resources */ = {
			isa = PBXResourcesBuildPhase;
			buildActionMask = 2147483647;
			files = (
				1EA4F64C196F2C20001BD53C /* Images.xcassets in Resources */,
				1EA4F63E196F2C20001BD53C /* InfoPlist.strings in Resources */,
				1EA4F647196F2C20001BD53C /* Main.storyboard in Resources */,
			);
			runOnlyForDeploymentPostprocessing = 0;
		};
		1EA4F64F196F2C20001BD53C /* Resources */ = {
			isa = PBXResourcesBuildPhase;
			buildActionMask = 2147483647;
			files = (
				1EA4F65D196F2C20001BD53C /* InfoPlist.strings in Resources */,
			);
			runOnlyForDeploymentPostprocessing = 0;
		};
/* End PBXResourcesBuildPhase section */

/* Begin PBXSourcesBuildPhase section */
		1EA4F62C196F2C20001BD53C /* Sources */ = {
			isa = PBXSourcesBuildPhase;
			buildActionMask = 2147483647;
			files = (
				1EA4F64A196F2C20001BD53C /* ViewController.m in Sources */,
				1EA4F644196F2C20001BD53C /* AppDelegate.m in Sources */,
				1EA4F640196F2C20001BD53C /* main.m in Sources */,
			);
			runOnlyForDeploymentPostprocessing = 0;
		};
		1EA4F64D196F2C20001BD53C /* Sources */ = {
			isa = PBXSourcesBuildPhase;
			buildActionMask = 2147483647;
			files = (
				1EA4F65F196F2C20001BD53C /* GoogleImageSearchTests.m in Sources */,
			);
			runOnlyForDeploymentPostprocessing = 0;
		};
/* End PBXSourcesBuildPhase section */

/* Begin PBXTargetDependency section */
		1EA4F657196F2C20001BD53C /* PBXTargetDependency */ = {
			isa = PBXTargetDependency;
			target = 1EA4F62F196F2C20001BD53C /* GoogleImageSearch */;
			targetProxy = 1EA4F656196F2C20001BD53C /* PBXContainerItemProxy */;
		};
/* End PBXTargetDependency section */

/* Begin PBXVariantGroup section */
		1EA4F63C196F2C20001BD53C /* InfoPlist.strings */ = {
			isa = PBXVariantGroup;
			children = (
				1EA4F63D196F2C20001BD53C /* en */,
			);
			name = InfoPlist.strings;
			sourceTree = "<group>";
		};
		1EA4F645196F2C20001BD53C /* Main.storyboard */ = {
			isa = PBXVariantGroup;
			children = (
				1EA4F646196F2C20001BD53C /* Base */,
			);
			name = Main.storyboard;
			sourceTree = "<group>";
		};
		1EA4F65B196F2C20001BD53C /* InfoPlist.strings */ = {
			isa = PBXVariantGroup;
			children = (
				1EA4F65C196F2C20001BD53C /* en */,
			);
			name = InfoPlist.strings;
			sourceTree = "<group>";
		};
/* End PBXVariantGroup section */

/* Begin XCBuildConfiguration section */
		1EA4F660196F2C20001BD53C /* Debug */ = {
			isa = XCBuildConfiguration;
			buildSettings = {
				ALWAYS_SEARCH_USER_PATHS = NO;
				CLANG_CXX_LANGUAGE_STANDARD = "gnu++0x";
				CLANG_CXX_LIBRARY = "libc++";
				CLANG_ENABLE_MODULES = YES;
				CLANG_ENABLE_OBJC_ARC = YES;
				CLANG_WARN_BOOL_CONVERSION = YES;
				CLANG_WARN_CONSTANT_CONVERSION = YES;
				CLANG_WARN_DIRECT_OBJC_ISA_USAGE = YES_ERROR;
				CLANG_WARN_EMPTY_BODY = YES;
				CLANG_WARN_ENUM_CONVERSION = YES;
				CLANG_WARN_INT_CONVERSION = YES;
				CLANG_WARN_OBJC_ROOT_CLASS = YES_ERROR;
				CLANG_WARN__DUPLICATE_METHOD_MATCH = YES;
				"CODE_SIGN_IDENTITY[sdk=iphoneos*]" = "iPhone Developer";
				COPY_PHASE_STRIP = NO;
				GCC_C_LANGUAGE_STANDARD = gnu99;
				GCC_DYNAMIC_NO_PIC = NO;
				GCC_OPTIMIZATION_LEVEL = 0;
				GCC_PREPROCESSOR_DEFINITIONS = (
					"DEBUG=1",
					"$(inherited)",
				);
				GCC_SYMBOLS_PRIVATE_EXTERN = NO;
				GCC_WARN_64_TO_32_BIT_CONVERSION = YES;
				GCC_WARN_ABOUT_RETURN_TYPE = YES_ERROR;
				GCC_WARN_UNDECLARED_SELECTOR = YES;
				GCC_WARN_UNINITIALIZED_AUTOS = YES_AGGRESSIVE;
				GCC_WARN_UNUSED_FUNCTION = YES;
				GCC_WARN_UNUSED_VARIABLE = YES;
				IPHONEOS_DEPLOYMENT_TARGET = 7.1;
				ONLY_ACTIVE_ARCH = YES;
				SDKROOT = iphoneos;
			};
			name = Debug;
		};
		1EA4F661196F2C20001BD53C /* Release */ = {
			isa = XCBuildConfiguration;
			buildSettings = {
				ALWAYS_SEARCH_USER_PATHS = NO;
				CLANG_CXX_LANGUAGE_STANDARD = "gnu++0x";
				CLANG_CXX_LIBRARY = "libc++";
				CLANG_ENABLE_MODULES = YES;
				CLANG_ENABLE_OBJC_ARC = YES;
				CLANG_WARN_BOOL_CONVERSION = YES;
				CLANG_WARN_CONSTANT_CONVERSION = YES;
				CLANG_WARN_DIRECT_OBJC_ISA_USAGE = YES_ERROR;
				CLANG_WARN_EMPTY_BODY = YES;
				CLANG_WARN_ENUM_CONVERSION = YES;
				CLANG_WARN_INT_CONVERSION = YES;
				CLANG_WARN_OBJC_ROOT_CLASS = YES_ERROR;
				CLANG_WARN__DUPLICATE_METHOD_MATCH = YES;
				"CODE_SIGN_IDENTITY[sdk=iphoneos*]" = "iPhone Developer";
				COPY_PHASE_STRIP = YES;
				ENABLE_NS_ASSERTIONS = NO;
				GCC_C_LANGUAGE_STANDARD = gnu99;
				GCC_WARN_64_TO_32_BIT_CONVERSION = YES;
				GCC_WARN_ABOUT_RETURN_TYPE = YES_ERROR;
				GCC_WARN_UNDECLARED_SELECTOR = YES;
				GCC_WARN_UNINITIALIZED_AUTOS = YES_AGGRESSIVE;
				GCC_WARN_UNUSED_FUNCTION = YES;
				GCC_WARN_UNUSED_VARIABLE = YES;
				IPHONEOS_DEPLOYMENT_TARGET = 7.1;
				SDKROOT = iphoneos;
				VALIDATE_PRODUCT = YES;
			};
			name = Release;
		};
		1EA4F663196F2C20001BD53C /* Debug */ = {
			isa = XCBuildConfiguration;
			buildSettings = {
				ASSETCATALOG_COMPILER_APPICON_NAME = AppIcon;
				ASSETCATALOG_COMPILER_LAUNCHIMAGE_NAME = LaunchImage;
				GCC_PRECOMPILE_PREFIX_HEADER = YES;
				GCC_PREFIX_HEADER = "GoogleImageSearch/GoogleImageSearch-Prefix.pch";
				INFOPLIST_FILE = "GoogleImageSearch/GoogleImageSearch-Info.plist";
				PRODUCT_NAME = "$(TARGET_NAME)";
				WRAPPER_EXTENSION = app;
			};
			name = Debug;
		};
		1EA4F664196F2C20001BD53C /* Release */ = {
			isa = XCBuildConfiguration;
			buildSettings = {
				ASSETCATALOG_COMPILER_APPICON_NAME = AppIcon;
				ASSETCATALOG_COMPILER_LAUNCHIMAGE_NAME = LaunchImage;
				GCC_PRECOMPILE_PREFIX_HEADER = YES;
				GCC_PREFIX_HEADER = "GoogleImageSearch/GoogleImageSearch-Prefix.pch";
				INFOPLIST_FILE = "GoogleImageSearch/GoogleImageSearch-Info.plist";
				PRODUCT_NAME = "$(TARGET_NAME)";
				WRAPPER_EXTENSION = app;
			};
			name = Release;
		};
		1EA4F666196F2C20001BD53C /* Debug */ = {
			isa = XCBuildConfiguration;
			buildSettings = {
				BUNDLE_LOADER = "$(BUILT_PRODUCTS_DIR)/GoogleImageSearch.app/GoogleImageSearch";
				FRAMEWORK_SEARCH_PATHS = (
					"$(SDKROOT)/Developer/Library/Frameworks",
					"$(inherited)",
					"$(DEVELOPER_FRAMEWORKS_DIR)",
				);
				GCC_PRECOMPILE_PREFIX_HEADER = YES;
				GCC_PREFIX_HEADER = "GoogleImageSearch/GoogleImageSearch-Prefix.pch";
				GCC_PREPROCESSOR_DEFINITIONS = (
					"DEBUG=1",
					"$(inherited)",
				);
				INFOPLIST_FILE = "GoogleImageSearchTests/GoogleImageSearchTests-Info.plist";
				PRODUCT_NAME = "$(TARGET_NAME)";
				TEST_HOST = "$(BUNDLE_LOADER)";
				WRAPPER_EXTENSION = xctest;
			};
			name = Debug;
		};
		1EA4F667196F2C20001BD53C /* Release */ = {
			isa = XCBuildConfiguration;
			buildSettings = {
				BUNDLE_LOADER = "$(BUILT_PRODUCTS_DIR)/GoogleImageSearch.app/GoogleImageSearch";
				FRAMEWORK_SEARCH_PATHS = (
					"$(SDKROOT)/Developer/Library/Frameworks",
					"$(inherited)",
					"$(DEVELOPER_FRAMEWORKS_DIR)",
				);
				GCC_PRECOMPILE_PREFIX_HEADER = YES;
				GCC_PREFIX_HEADER = "GoogleImageSearch/GoogleImageSearch-Prefix.pch";
				INFOPLIST_FILE = "GoogleImageSearchTests/GoogleImageSearchTests-Info.plist";
				PRODUCT_NAME = "$(TARGET_NAME)";
				TEST_HOST = "$(BUNDLE_LOADER)";
				WRAPPER_EXTENSION = xctest;
			};
			name = Release;
		};
/* End XCBuildConfiguration section */

/* Begin XCConfigurationList section */
		1EA4F62B196F2C20001BD53C /* Build configuration list for PBXProject "GoogleImageSearch" */ = {
			isa = XCConfigurationList;
			buildConfigurations = (
				1EA4F660196F2C20001BD53C /* Debug */,
				1EA4F661196F2C20001BD53C /* Release */,
			);
			defaultConfigurationIsVisible = 0;
			defaultConfigurationName = Release;
		};
		1EA4F662196F2C20001BD53C /* Build configuration list for PBXNativeTarget "GoogleImageSearch" */ = {
			isa = XCConfigurationList;
			buildConfigurations = (
				1EA4F663196F2C20001BD53C /* Debug */,
				1EA4F664196F2C20001BD53C /* Release */,
			);
			defaultConfigurationIsVisible = 0;
		};
		1EA4F665196F2C20001BD53C /* Build configuration list for PBXNativeTarget "GoogleImageSearchTests" */ = {
			isa = XCConfigurationList;
			buildConfigurations = (
				1EA4F666196F2C20001BD53C /* Debug */,
				1EA4F667196F2C20001BD53C /* Release */,
			);
			defaultConfigurationIsVisible = 0;
		};
/* End XCConfigurationList section */
	};
	rootObject = 1EA4F628196F2C20001BD53C /* Project object */;
}
